
Microsoft Visual Studio Solution File, Format Version 12.00
# Visual Studio Version 17
VisualStudioVersion = 17.8.34302.71
MinimumVisualStudioVersion = 10.0.40219.1
Project("{2150E333-8FDC-42A3-9474-1A3956D46DE8}") = "Services", "Services", "{C46CEF9B-8EA1-4F36-B6D3-88D7B48BF683}"
EndProject
Project("{9A19103F-16F7-4668-BE54-9A1E7A4F7556}") = "Branch.API", "..\..\PFE_Ing_OPENBANK_Solution0\PFE_Ing_OPENBANK\Services\Branch\Branch.API\Branch.API.csproj", "{DED8DB3A-4FD6-468D-8C3C-FDE145E4EE48}"
EndProject
Global
	GlobalSection(SolutionConfigurationPlatforms) = preSolution
		Debug|Any CPU = Debug|Any CPU
		Release|Any CPU = Release|Any CPU
	EndGlobalSection
	GlobalSection(ProjectConfigurationPlatforms) = postSolution
		{DED8DB3A-4FD6-468D-8C3C-FDE145E4EE48}.Debug|Any CPU.ActiveCfg = Debug|Any CPU
		{DED8DB3A-4FD6-468D-8C3C-FDE145E4EE48}.Debug|Any CPU.Build.0 = Debug|Any CPU
		{DED8DB3A-4FD6-468D-8C3C-FDE145E4EE48}.Release|Any CPU.ActiveCfg = Release|Any CPU
		{DED8DB3A-4FD6-468D-8C3C-FDE145E4EE48}.Release|Any CPU.Build.0 = Release|Any CPU
	EndGlobalSection
	GlobalSection(SolutionProperties) = preSolution
		HideSolutionNode = FALSE
	EndGlobalSection
	GlobalSection(NestedProjects) = preSolution
		{DED8DB3A-4FD6-468D-8C3C-FDE145E4EE48} = {C46CEF9B-8EA1-4F36-B6D3-88D7B48BF683}
	EndGlobalSection
	GlobalSection(ExtensibilityGlobals) = postSolution
		SolutionGuid = {49599BE3-51B7-46AE-BD23-93956AC11372}
	EndGlobalSection
EndGlobal
