
Microsoft Visual Studio Solution File, Format Version 12.00
# Visual Studio Version 17
VisualStudioVersion = 17.8.34302.71
MinimumVisualStudioVersion = 10.0.40219.1
Project("{2150E333-8FDC-42A3-9474-1A3956D46DE8}") = "Services", "Services", "{BF40296F-3524-44EC-9AE5-F85471EDD78E}"
EndProject
Project("{2150E333-8FDC-42A3-9474-1A3956D46DE8}") = "Branch", "Branch", "{A29BE91B-A77D-406D-BCC4-A8CF1A8947C4}"
EndProject
Project("{9A19103F-16F7-4668-BE54-9A1E7A4F7556}") = "Branch.API", "..\..\..\src_PFE_Ing_OPENBANK\Services\Branch\Branch.API\Branch.API.csproj", "{2E0BBD3C-FCF8-45B4-818F-BF40EE4040F3}"
EndProject
Project("{9A19103F-16F7-4668-BE54-9A1E7A4F7556}") = "Branch.GRPC", "Services\Branch\Branch.GRPC\Branch.GRPC.csproj", "{2BD14526-3F10-4B69-BCC1-85954A9C85F0}"
EndProject
Project("{2150E333-8FDC-42A3-9474-1A3956D46DE8}") = "Account", "Account", "{8F24CD88-039B-483B-BD46-8568A17CE8BC}"
EndProject
Project("{9A19103F-16F7-4668-BE54-9A1E7A4F7556}") = "Account.API", "Services\Account\Account.API\Account.API.csproj", "{034E4779-9593-4E1F-8705-415F254503A4}"
EndProject
Project("{9A19103F-16F7-4668-BE54-9A1E7A4F7556}") = "Account.Grpc", "Services\Account\Account.Grpc\Account.Grpc.csproj", "{710091E6-02CC-4573-AA2A-F92FFE914FF4}"
EndProject
Project("{2150E333-8FDC-42A3-9474-1A3956D46DE8}") = "Transaction", "Transaction", "{984A0AA9-9998-48A1-9BB5-FFA9C306356B}"
EndProject
Project("{9A19103F-16F7-4668-BE54-9A1E7A4F7556}") = "Transaction.API", "Services\Transaction\Transaction.API\Transaction.API.csproj", "{00671331-E767-45BE-8946-D8104495FC89}"
EndProject
Project("{2150E333-8FDC-42A3-9474-1A3956D46DE8}") = "Statement", "Statement", "{FC7D9033-AFB7-40F2-875D-5F473E5E9F36}"
EndProject
Project("{9A19103F-16F7-4668-BE54-9A1E7A4F7556}") = "Statement.API", "Services\Statement\Statement.API\Statement.API.csproj", "{62A3489B-3A68-434A-823D-11D0FB0BAED7}"
EndProject
Project("{2150E333-8FDC-42A3-9474-1A3956D46DE8}") = "BuildingBlocks", "BuildingBlocks", "{98ECD4F4-F897-4A46-ADD1-B24F02933B5F}"
EndProject
Project("{9A19103F-16F7-4668-BE54-9A1E7A4F7556}") = "EventBus.Message", "BuildingBlocks\EventBus.Message\EventBus.Message.csproj", "{9C01F8B5-59C4-40A6-A552-62D892A50841}"
EndProject
Project("{E53339B2-1760-4266-BCC7-CA923CBCF16C}") = "docker-compose", "docker-compose.dcproj", "{226ACE64-A8F5-4D7E-8F90-7F023B2735FF}"
EndProject
Project("{2150E333-8FDC-42A3-9474-1A3956D46DE8}") = "ApiGateways", "ApiGateways", "{F5B4F04A-A7BC-482D-AA02-6AEDFE7E671A}"
EndProject
Global
	GlobalSection(SolutionConfigurationPlatforms) = preSolution
		Debug|Any CPU = Debug|Any CPU
		Release|Any CPU = Release|Any CPU
	EndGlobalSection
	GlobalSection(ProjectConfigurationPlatforms) = postSolution
		{2E0BBD3C-FCF8-45B4-818F-BF40EE4040F3}.Debug|Any CPU.ActiveCfg = Debug|Any CPU
		{2E0BBD3C-FCF8-45B4-818F-BF40EE4040F3}.Debug|Any CPU.Build.0 = Debug|Any CPU
		{2E0BBD3C-FCF8-45B4-818F-BF40EE4040F3}.Release|Any CPU.ActiveCfg = Release|Any CPU
		{2E0BBD3C-FCF8-45B4-818F-BF40EE4040F3}.Release|Any CPU.Build.0 = Release|Any CPU
		{2BD14526-3F10-4B69-BCC1-85954A9C85F0}.Debug|Any CPU.ActiveCfg = Debug|Any CPU
		{2BD14526-3F10-4B69-BCC1-85954A9C85F0}.Debug|Any CPU.Build.0 = Debug|Any CPU
		{2BD14526-3F10-4B69-BCC1-85954A9C85F0}.Release|Any CPU.ActiveCfg = Release|Any CPU
		{2BD14526-3F10-4B69-BCC1-85954A9C85F0}.Release|Any CPU.Build.0 = Release|Any CPU
		{034E4779-9593-4E1F-8705-415F254503A4}.Debug|Any CPU.ActiveCfg = Debug|Any CPU
		{034E4779-9593-4E1F-8705-415F254503A4}.Debug|Any CPU.Build.0 = Debug|Any CPU
		{034E4779-9593-4E1F-8705-415F254503A4}.Release|Any CPU.ActiveCfg = Release|Any CPU
		{034E4779-9593-4E1F-8705-415F254503A4}.Release|Any CPU.Build.0 = Release|Any CPU
		{710091E6-02CC-4573-AA2A-F92FFE914FF4}.Debug|Any CPU.ActiveCfg = Debug|Any CPU
		{710091E6-02CC-4573-AA2A-F92FFE914FF4}.Debug|Any CPU.Build.0 = Debug|Any CPU
		{710091E6-02CC-4573-AA2A-F92FFE914FF4}.Release|Any CPU.ActiveCfg = Release|Any CPU
		{710091E6-02CC-4573-AA2A-F92FFE914FF4}.Release|Any CPU.Build.0 = Release|Any CPU
		{00671331-E767-45BE-8946-D8104495FC89}.Debug|Any CPU.ActiveCfg = Debug|Any CPU
		{00671331-E767-45BE-8946-D8104495FC89}.Debug|Any CPU.Build.0 = Debug|Any CPU
		{00671331-E767-45BE-8946-D8104495FC89}.Release|Any CPU.ActiveCfg = Release|Any CPU
		{00671331-E767-45BE-8946-D8104495FC89}.Release|Any CPU.Build.0 = Release|Any CPU
		{62A3489B-3A68-434A-823D-11D0FB0BAED7}.Debug|Any CPU.ActiveCfg = Debug|Any CPU
		{62A3489B-3A68-434A-823D-11D0FB0BAED7}.Debug|Any CPU.Build.0 = Debug|Any CPU
		{62A3489B-3A68-434A-823D-11D0FB0BAED7}.Release|Any CPU.ActiveCfg = Release|Any CPU
		{62A3489B-3A68-434A-823D-11D0FB0BAED7}.Release|Any CPU.Build.0 = Release|Any CPU
		{9C01F8B5-59C4-40A6-A552-62D892A50841}.Debug|Any CPU.ActiveCfg = Debug|Any CPU
		{9C01F8B5-59C4-40A6-A552-62D892A50841}.Debug|Any CPU.Build.0 = Debug|Any CPU
		{9C01F8B5-59C4-40A6-A552-62D892A50841}.Release|Any CPU.ActiveCfg = Release|Any CPU
		{9C01F8B5-59C4-40A6-A552-62D892A50841}.Release|Any CPU.Build.0 = Release|Any CPU
		{226ACE64-A8F5-4D7E-8F90-7F023B2735FF}.Debug|Any CPU.ActiveCfg = Debug|Any CPU
		{226ACE64-A8F5-4D7E-8F90-7F023B2735FF}.Debug|Any CPU.Build.0 = Debug|Any CPU
		{226ACE64-A8F5-4D7E-8F90-7F023B2735FF}.Release|Any CPU.ActiveCfg = Release|Any CPU
		{226ACE64-A8F5-4D7E-8F90-7F023B2735FF}.Release|Any CPU.Build.0 = Release|Any CPU
	EndGlobalSection
	GlobalSection(SolutionProperties) = preSolution
		HideSolutionNode = FALSE
	EndGlobalSection
	GlobalSection(NestedProjects) = preSolution
		{A29BE91B-A77D-406D-BCC4-A8CF1A8947C4} = {BF40296F-3524-44EC-9AE5-F85471EDD78E}
		{2E0BBD3C-FCF8-45B4-818F-BF40EE4040F3} = {A29BE91B-A77D-406D-BCC4-A8CF1A8947C4}
		{2BD14526-3F10-4B69-BCC1-85954A9C85F0} = {A29BE91B-A77D-406D-BCC4-A8CF1A8947C4}
		{8F24CD88-039B-483B-BD46-8568A17CE8BC} = {BF40296F-3524-44EC-9AE5-F85471EDD78E}
		{034E4779-9593-4E1F-8705-415F254503A4} = {8F24CD88-039B-483B-BD46-8568A17CE8BC}
		{710091E6-02CC-4573-AA2A-F92FFE914FF4} = {8F24CD88-039B-483B-BD46-8568A17CE8BC}
		{984A0AA9-9998-48A1-9BB5-FFA9C306356B} = {BF40296F-3524-44EC-9AE5-F85471EDD78E}
		{00671331-E767-45BE-8946-D8104495FC89} = {984A0AA9-9998-48A1-9BB5-FFA9C306356B}
		{FC7D9033-AFB7-40F2-875D-5F473E5E9F36} = {BF40296F-3524-44EC-9AE5-F85471EDD78E}
		{62A3489B-3A68-434A-823D-11D0FB0BAED7} = {FC7D9033-AFB7-40F2-875D-5F473E5E9F36}
		{9C01F8B5-59C4-40A6-A552-62D892A50841} = {98ECD4F4-F897-4A46-ADD1-B24F02933B5F}
	EndGlobalSection
	GlobalSection(ExtensibilityGlobals) = postSolution
		SolutionGuid = {1C993C2B-4E67-469C-B41C-78A89AB4D886}
	EndGlobalSection
EndGlobal
