
Microsoft Visual Studio Solution File, Format Version 12.00
# Visual Studio Version 17
VisualStudioVersion = 17.8.34302.71
MinimumVisualStudioVersion = 10.0.40219.1
Project("{2150E333-8FDC-42A3-9474-1A3956D46DE8}") = "Services", "Services", "{BF40296F-3524-44EC-9AE5-F85471EDD78E}"
EndProject
Project("{2150E333-8FDC-42A3-9474-1A3956D46DE8}") = "Branch", "Branch", "{A29BE91B-A77D-406D-BCC4-A8CF1A8947C4}"
EndProject
Project("{9A19103F-16F7-4668-BE54-9A1E7A4F7556}") = "Branch.GRPC", "Services\Branch\Branch.GRPC\Branch.GRPC.csproj", "{2BD14526-3F10-4B69-BCC1-85954A9C85F0}"
EndProject
Project("{2150E333-8FDC-42A3-9474-1A3956D46DE8}") = "Account", "Account", "{8F24CD88-039B-483B-BD46-8568A17CE8BC}"
EndProject
Project("{9A19103F-16F7-4668-BE54-9A1E7A4F7556}") = "Account.API", "Services\Account\Account.API\Account.API.csproj", "{034E4779-9593-4E1F-8705-415F254503A4}"
EndProject
Project("{9A19103F-16F7-4668-BE54-9A1E7A4F7556}") = "Account.Grpc", "Services\Account\Account.Grpc\Account.Grpc.csproj", "{710091E6-02CC-4573-AA2A-F92FFE914FF4}"
EndProject
Project("{2150E333-8FDC-42A3-9474-1A3956D46DE8}") = "Transaction", "Transaction", "{984A0AA9-9998-48A1-9BB5-FFA9C306356B}"
EndProject
Project("{9A19103F-16F7-4668-BE54-9A1E7A4F7556}") = "Transaction.API", "Services\Transaction\Transaction.API\Transaction.API.csproj", "{00671331-E767-45BE-8946-D8104495FC89}"
EndProject
Project("{2150E333-8FDC-42A3-9474-1A3956D46DE8}") = "Statement", "Statement", "{FC7D9033-AFB7-40F2-875D-5F473E5E9F36}"
EndProject
Project("{9A19103F-16F7-4668-BE54-9A1E7A4F7556}") = "Statement.API", "Services\Statement\Statement.API\Statement.API.csproj", "{62A3489B-3A68-434A-823D-11D0FB0BAED7}"
EndProject
Project("{2150E333-8FDC-42A3-9474-1A3956D46DE8}") = "BuildingBlocks", "BuildingBlocks", "{98ECD4F4-F897-4A46-ADD1-B24F02933B5F}"
EndProject
Project("{E53339B2-1760-4266-BCC7-CA923CBCF16C}") = "docker-compose", "docker-compose.dcproj", "{226ACE64-A8F5-4D7E-8F90-7F023B2735FF}"
EndProject
Project("{2150E333-8FDC-42A3-9474-1A3956D46DE8}") = "ApiGateways", "ApiGateways", "{F5B4F04A-A7BC-482D-AA02-6AEDFE7E671A}"
EndProject
Project("{9A19103F-16F7-4668-BE54-9A1E7A4F7556}") = "OcelotApiGW", "ApiGateways\OcelotApiGW\OcelotApiGW.csproj", "{398AAEE1-8486-4A99-84D2-791DCD0EE382}"
EndProject
Project("{9A19103F-16F7-4668-BE54-9A1E7A4F7556}") = "Branch.API", "Services\Branch\Branch.API\Branch.API.csproj", "{B22838A5-BF08-411D-8DCE-5EE7F3F1E371}"
EndProject
Project("{9A19103F-16F7-4668-BE54-9A1E7A4F7556}") = "EventBus.Message", "BuildingBlocks\EventBus.Message\EventBus.Message.csproj", "{6C709328-1EC1-469E-825E-3BC13A287D30}"
EndProject
Project("{2150E333-8FDC-42A3-9474-1A3956D46DE8}") = "Security", "Security", "{73455740-9F7E-40C4-8756-230C72113E64}"
EndProject
Project("{9A19103F-16F7-4668-BE54-9A1E7A4F7556}") = "Identity.API", "Security\Identity.API\Identity.API.csproj", "{308144F2-C318-4B2C-8084-6AD9BAB80333}"
EndProject
Project("{2150E333-8FDC-42A3-9474-1A3956D46DE8}") = "Agreement", "Agreement", "{0494FC1D-05E3-41A4-B369-CB5A9B1D3E0F}"
EndProject
Project("{2150E333-8FDC-42A3-9474-1A3956D46DE8}") = "AccountAccess", "AccountAccess", "{7491070E-CC5A-4F14-813B-15D495974DD1}"
EndProject
Project("{FAE04EC0-301F-11D3-BF4B-00C04F79EFBC}") = "Helper", "BuildingBlocks\Helper\Helper.csproj", "{A0DCC1DD-4862-4D1D-95C0-B2DCBC5C4406}"
EndProject
Project("{FAE04EC0-301F-11D3-BF4B-00C04F79EFBC}") = "Account.Access.API", "Services\AccountAccess\Account.Access.API\Account.Access.API.csproj", "{11F7E27C-8D04-4834-959C-7DDAB06CEE52}"
EndProject
Global
	GlobalSection(SolutionConfigurationPlatforms) = preSolution
		Debug|Any CPU = Debug|Any CPU
		Release|Any CPU = Release|Any CPU
	EndGlobalSection
	GlobalSection(ProjectConfigurationPlatforms) = postSolution
		{2BD14526-3F10-4B69-BCC1-85954A9C85F0}.Debug|Any CPU.ActiveCfg = Debug|Any CPU
		{2BD14526-3F10-4B69-BCC1-85954A9C85F0}.Debug|Any CPU.Build.0 = Debug|Any CPU
		{2BD14526-3F10-4B69-BCC1-85954A9C85F0}.Release|Any CPU.ActiveCfg = Release|Any CPU
		{2BD14526-3F10-4B69-BCC1-85954A9C85F0}.Release|Any CPU.Build.0 = Release|Any CPU
		{034E4779-9593-4E1F-8705-415F254503A4}.Debug|Any CPU.ActiveCfg = Debug|Any CPU
		{034E4779-9593-4E1F-8705-415F254503A4}.Debug|Any CPU.Build.0 = Debug|Any CPU
		{034E4779-9593-4E1F-8705-415F254503A4}.Release|Any CPU.ActiveCfg = Release|Any CPU
		{034E4779-9593-4E1F-8705-415F254503A4}.Release|Any CPU.Build.0 = Release|Any CPU
		{710091E6-02CC-4573-AA2A-F92FFE914FF4}.Debug|Any CPU.ActiveCfg = Debug|Any CPU
		{710091E6-02CC-4573-AA2A-F92FFE914FF4}.Debug|Any CPU.Build.0 = Debug|Any CPU
		{710091E6-02CC-4573-AA2A-F92FFE914FF4}.Release|Any CPU.ActiveCfg = Release|Any CPU
		{710091E6-02CC-4573-AA2A-F92FFE914FF4}.Release|Any CPU.Build.0 = Release|Any CPU
		{00671331-E767-45BE-8946-D8104495FC89}.Debug|Any CPU.ActiveCfg = Debug|Any CPU
		{00671331-E767-45BE-8946-D8104495FC89}.Debug|Any CPU.Build.0 = Debug|Any CPU
		{00671331-E767-45BE-8946-D8104495FC89}.Release|Any CPU.ActiveCfg = Release|Any CPU
		{00671331-E767-45BE-8946-D8104495FC89}.Release|Any CPU.Build.0 = Release|Any CPU
		{62A3489B-3A68-434A-823D-11D0FB0BAED7}.Debug|Any CPU.ActiveCfg = Debug|Any CPU
		{62A3489B-3A68-434A-823D-11D0FB0BAED7}.Debug|Any CPU.Build.0 = Debug|Any CPU
		{62A3489B-3A68-434A-823D-11D0FB0BAED7}.Release|Any CPU.ActiveCfg = Release|Any CPU
		{62A3489B-3A68-434A-823D-11D0FB0BAED7}.Release|Any CPU.Build.0 = Release|Any CPU
		{226ACE64-A8F5-4D7E-8F90-7F023B2735FF}.Debug|Any CPU.ActiveCfg = Debug|Any CPU
		{226ACE64-A8F5-4D7E-8F90-7F023B2735FF}.Debug|Any CPU.Build.0 = Debug|Any CPU
		{226ACE64-A8F5-4D7E-8F90-7F023B2735FF}.Release|Any CPU.ActiveCfg = Release|Any CPU
		{226ACE64-A8F5-4D7E-8F90-7F023B2735FF}.Release|Any CPU.Build.0 = Release|Any CPU
		{398AAEE1-8486-4A99-84D2-791DCD0EE382}.Debug|Any CPU.ActiveCfg = Debug|Any CPU
		{398AAEE1-8486-4A99-84D2-791DCD0EE382}.Debug|Any CPU.Build.0 = Debug|Any CPU
		{398AAEE1-8486-4A99-84D2-791DCD0EE382}.Release|Any CPU.ActiveCfg = Release|Any CPU
		{398AAEE1-8486-4A99-84D2-791DCD0EE382}.Release|Any CPU.Build.0 = Release|Any CPU
		{B22838A5-BF08-411D-8DCE-5EE7F3F1E371}.Debug|Any CPU.ActiveCfg = Debug|Any CPU
		{B22838A5-BF08-411D-8DCE-5EE7F3F1E371}.Debug|Any CPU.Build.0 = Debug|Any CPU
		{B22838A5-BF08-411D-8DCE-5EE7F3F1E371}.Release|Any CPU.ActiveCfg = Release|Any CPU
		{B22838A5-BF08-411D-8DCE-5EE7F3F1E371}.Release|Any CPU.Build.0 = Release|Any CPU
		{6C709328-1EC1-469E-825E-3BC13A287D30}.Debug|Any CPU.ActiveCfg = Debug|Any CPU
		{6C709328-1EC1-469E-825E-3BC13A287D30}.Debug|Any CPU.Build.0 = Debug|Any CPU
		{6C709328-1EC1-469E-825E-3BC13A287D30}.Release|Any CPU.ActiveCfg = Release|Any CPU
		{6C709328-1EC1-469E-825E-3BC13A287D30}.Release|Any CPU.Build.0 = Release|Any CPU
		{308144F2-C318-4B2C-8084-6AD9BAB80333}.Debug|Any CPU.ActiveCfg = Debug|Any CPU
		{308144F2-C318-4B2C-8084-6AD9BAB80333}.Debug|Any CPU.Build.0 = Debug|Any CPU
		{308144F2-C318-4B2C-8084-6AD9BAB80333}.Release|Any CPU.ActiveCfg = Release|Any CPU
		{308144F2-C318-4B2C-8084-6AD9BAB80333}.Release|Any CPU.Build.0 = Release|Any CPU
		{A0DCC1DD-4862-4D1D-95C0-B2DCBC5C4406}.Debug|Any CPU.ActiveCfg = Debug|Any CPU
		{A0DCC1DD-4862-4D1D-95C0-B2DCBC5C4406}.Debug|Any CPU.Build.0 = Debug|Any CPU
		{A0DCC1DD-4862-4D1D-95C0-B2DCBC5C4406}.Release|Any CPU.ActiveCfg = Release|Any CPU
		{A0DCC1DD-4862-4D1D-95C0-B2DCBC5C4406}.Release|Any CPU.Build.0 = Release|Any CPU
		{11F7E27C-8D04-4834-959C-7DDAB06CEE52}.Debug|Any CPU.ActiveCfg = Debug|Any CPU
		{11F7E27C-8D04-4834-959C-7DDAB06CEE52}.Debug|Any CPU.Build.0 = Debug|Any CPU
		{11F7E27C-8D04-4834-959C-7DDAB06CEE52}.Release|Any CPU.ActiveCfg = Release|Any CPU
		{11F7E27C-8D04-4834-959C-7DDAB06CEE52}.Release|Any CPU.Build.0 = Release|Any CPU
	EndGlobalSection
	GlobalSection(SolutionProperties) = preSolution
		HideSolutionNode = FALSE
	EndGlobalSection
	GlobalSection(NestedProjects) = preSolution
		{A29BE91B-A77D-406D-BCC4-A8CF1A8947C4} = {BF40296F-3524-44EC-9AE5-F85471EDD78E}
		{2BD14526-3F10-4B69-BCC1-85954A9C85F0} = {A29BE91B-A77D-406D-BCC4-A8CF1A8947C4}
		{8F24CD88-039B-483B-BD46-8568A17CE8BC} = {BF40296F-3524-44EC-9AE5-F85471EDD78E}
		{034E4779-9593-4E1F-8705-415F254503A4} = {8F24CD88-039B-483B-BD46-8568A17CE8BC}
		{710091E6-02CC-4573-AA2A-F92FFE914FF4} = {8F24CD88-039B-483B-BD46-8568A17CE8BC}
		{984A0AA9-9998-48A1-9BB5-FFA9C306356B} = {BF40296F-3524-44EC-9AE5-F85471EDD78E}
		{00671331-E767-45BE-8946-D8104495FC89} = {984A0AA9-9998-48A1-9BB5-FFA9C306356B}
		{FC7D9033-AFB7-40F2-875D-5F473E5E9F36} = {BF40296F-3524-44EC-9AE5-F85471EDD78E}
		{62A3489B-3A68-434A-823D-11D0FB0BAED7} = {FC7D9033-AFB7-40F2-875D-5F473E5E9F36}
		{398AAEE1-8486-4A99-84D2-791DCD0EE382} = {F5B4F04A-A7BC-482D-AA02-6AEDFE7E671A}
		{B22838A5-BF08-411D-8DCE-5EE7F3F1E371} = {A29BE91B-A77D-406D-BCC4-A8CF1A8947C4}
		{6C709328-1EC1-469E-825E-3BC13A287D30} = {98ECD4F4-F897-4A46-ADD1-B24F02933B5F}
		{308144F2-C318-4B2C-8084-6AD9BAB80333} = {73455740-9F7E-40C4-8756-230C72113E64}
		{0494FC1D-05E3-41A4-B369-CB5A9B1D3E0F} = {BF40296F-3524-44EC-9AE5-F85471EDD78E}
		{7491070E-CC5A-4F14-813B-15D495974DD1} = {BF40296F-3524-44EC-9AE5-F85471EDD78E}
		{A0DCC1DD-4862-4D1D-95C0-B2DCBC5C4406} = {98ECD4F4-F897-4A46-ADD1-B24F02933B5F}
		{11F7E27C-8D04-4834-959C-7DDAB06CEE52} = {7491070E-CC5A-4F14-813B-15D495974DD1}
	EndGlobalSection
	GlobalSection(ExtensibilityGlobals) = postSolution
		SolutionGuid = {1C993C2B-4E67-469C-B41C-78A89AB4D886}
	EndGlobalSection
EndGlobal
